<?xml version="1.0" encoding="utf-8"?>
<Project ToolsVersion="4.0" xmlns="http://schemas.microsoft.com/developer/msbuild/2003">
  <ItemGroup>
    <Filter Include="Source Files" />
  </ItemGroup>
  <ItemGroup>
    <ClInclude Include="AdapterInfo.h">
      <Filter>Source Files</Filter>
    </ClInclude>
    <ClInclude Include="D3DInfoError.h">
      <Filter>Source Files</Filter>
    </ClInclude>
    <ClInclude Include="DisplayModeInfo.h">
      <Filter>Source Files</Filter>
    </ClInclude>
    <ClInclude Include="PixelFormat.h">
      <Filter>Source Files</Filter>
    </ClInclude>
    <ClInclude Include="StdAfx.h">
      <Filter>Source Files</Filter>
    </ClInclude>
    <ClCompile Include="AdapterInfo.cpp">
      <Filter>Source Files</Filter>
    </ClCompile>
    <ClCompile Include="d3dinfo.cpp">
      <Filter>Source Files</Filter>
    </ClCompile>
    <ClCompile Include="D3DInfoError.cpp">
      <Filter>Source Files</Filter>
    </ClCompile>
    <ClCompile Include="DisplayModeInfo.cpp">
      <Filter>Source Files</Filter>
    </ClCompile>
    <ClCompile Include="PixelFormat.cpp">
      <Filter>Source Files</Filter>
    </ClCompile>
    <ClCompile Include="StdAfx.cpp">
      <Filter>Source Files</Filter>
    </ClCompile>
    <ClInclude Include="d3d9info.h">
      <Filter>Source Files</Filter>
    </ClInclude>
    <ClInclude Include="D3D11Info.h">
      <Filter>Source Files</Filter>
    </ClInclude>
  </ItemGroup>
  <ItemGroup>
    <ClCompile Include="d3d9info.cpp">
      <Filter>Source Files</Filter>
    </ClCompile>
    <ClCompile Include="D3D11Info.cpp">
      <Filter>Source Files</Filter>
    </ClCompile>
  </ItemGroup>
</Project>